
Microsoft Visual Studio Solution File, Format Version 12.00
# Visual Studio Version 17
VisualStudioVersion = 17.14.36623.8
MinimumVisualStudioVersion = 10.0.40219.1
Project("{FAE04EC0-301F-11D3-BF4B-00C04F79EFBC}") = "Perrete.API", "PerreteAPI\Perrete.API.csproj", "{047A2CA4-0781-4119-85DF-FBB269BF50F0}"
EndProject
Project("{FAE04EC0-301F-11D3-BF4B-00C04F79EFBC}") = "PerreteAPI.Domain", "PerreteAPI.Domain\PerreteAPI.Domain.csproj", "{9640DDA6-65B8-44BE-B246-14930A1C291B}"
EndProject
Project("{FAE04EC0-301F-11D3-BF4B-00C04F79EFBC}") = "PerreteAPI.Application.Infrastructure", "PerreteAPI.Appication.Infrastructure\PerreteAPI.Application.Infrastructure.csproj", "{0A194BC4-215F-4C88-832E-2F6B157E0007}"
EndProject
Global
	GlobalSection(SolutionConfigurationPlatforms) = preSolution
		Debug|Any CPU = Debug|Any CPU
		Release|Any CPU = Release|Any CPU
	EndGlobalSection
	GlobalSection(ProjectConfigurationPlatforms) = postSolution
		{047A2CA4-0781-4119-85DF-FBB269BF50F0}.Debug|Any CPU.ActiveCfg = Debug|Any CPU
		{047A2CA4-0781-4119-85DF-FBB269BF50F0}.Debug|Any CPU.Build.0 = Debug|Any CPU
		{047A2CA4-0781-4119-85DF-FBB269BF50F0}.Release|Any CPU.ActiveCfg = Release|Any CPU
		{047A2CA4-0781-4119-85DF-FBB269BF50F0}.Release|Any CPU.Build.0 = Release|Any CPU
		{9640DDA6-65B8-44BE-B246-14930A1C291B}.Debug|Any CPU.ActiveCfg = Debug|Any CPU
		{9640DDA6-65B8-44BE-B246-14930A1C291B}.Debug|Any CPU.Build.0 = Debug|Any CPU
		{9640DDA6-65B8-44BE-B246-14930A1C291B}.Release|Any CPU.ActiveCfg = Release|Any CPU
		{9640DDA6-65B8-44BE-B246-14930A1C291B}.Release|Any CPU.Build.0 = Release|Any CPU
		{0A194BC4-215F-4C88-832E-2F6B157E0007}.Debug|Any CPU.ActiveCfg = Debug|Any CPU
		{0A194BC4-215F-4C88-832E-2F6B157E0007}.Debug|Any CPU.Build.0 = Debug|Any CPU
		{0A194BC4-215F-4C88-832E-2F6B157E0007}.Release|Any CPU.ActiveCfg = Release|Any CPU
		{0A194BC4-215F-4C88-832E-2F6B157E0007}.Release|Any CPU.Build.0 = Release|Any CPU
	EndGlobalSection
	GlobalSection(SolutionProperties) = preSolution
		HideSolutionNode = FALSE
	EndGlobalSection
	GlobalSection(ExtensibilityGlobals) = postSolution
		SolutionGuid = {A0E9B228-ADC2-4BC6-A050-C76F2BC547B8}
	EndGlobalSection
EndGlobal
